# THIS IS AN AUTOGENERATED FILE. DO NOT EDIT THIS FILE DIRECTLY.
# yarn lockfile v1


"@aws-crypto/ie11-detection@^2.0.0":
  version "2.0.0"
  resolved "https://registry.yarnpkg.com/@aws-crypto/ie11-detection/-/ie11-detection-2.0.0.tgz#bb6c2facf8f03457e949dcf0921477397ffa4c6e"
  integrity sha512-pkVXf/dq6PITJ0jzYZ69VhL8VFOFoPZLZqtU/12SGnzYuJOOGNfF41q9GxdI1yqC8R13Rq3jOLKDFpUJFT5eTA==
  dependencies:
    tslib "^1.11.1"

"@aws-crypto/sha256-browser@2.0.0":
  version "2.0.0"
  resolved "https://registry.yarnpkg.com/@aws-crypto/sha256-browser/-/sha256-browser-2.0.0.tgz#741c9024df55ec59b51e5b1f5d806a4852699fb5"
  integrity sha512-rYXOQ8BFOaqMEHJrLHul/25ckWH6GTJtdLSajhlqGMx0PmSueAuvboCuZCTqEKlxR8CQOwRarxYMZZSYlhRA1A==
  dependencies:
    "@aws-crypto/ie11-detection" "^2.0.0"
    "@aws-crypto/sha256-js" "^2.0.0"
    "@aws-crypto/supports-web-crypto" "^2.0.0"
    "@aws-crypto/util" "^2.0.0"
    "@aws-sdk/types" "^3.1.0"
    "@aws-sdk/util-locate-window" "^3.0.0"
    "@aws-sdk/util-utf8-browser" "^3.0.0"
    tslib "^1.11.1"

"@aws-crypto/sha256-js@2.0.0":
  version "2.0.0"
  resolved "https://registry.yarnpkg.com/@aws-crypto/sha256-js/-/sha256-js-2.0.0.tgz#f1f936039bdebd0b9e2dd834d65afdc2aac4efcb"
  integrity sha512-VZY+mCY4Nmrs5WGfitmNqXzaE873fcIZDu54cbaDaaamsaTOP1DBImV9F4pICc3EHjQXujyE8jig+PFCaew9ig==
  dependencies:
    "@aws-crypto/util" "^2.0.0"
    "@aws-sdk/types" "^3.1.0"
    tslib "^1.11.1"

"@aws-crypto/sha256-js@^2.0.0":
  version "2.0.1"
  resolved "https://registry.yarnpkg.com/@aws-crypto/sha256-js/-/sha256-js-2.0.1.tgz#79e1e6cf61f652ef2089c08d471c722ecf1626a9"
  integrity sha512-mbHTBSPBvg6o/mN/c18Z/zifM05eJrapj5ggoOIeHIWckvkv5VgGi7r/wYpt+QAO2ySKXLNvH2d8L7bne4xrMQ==
  dependencies:
    "@aws-crypto/util" "^2.0.1"
    "@aws-sdk/types" "^3.1.0"
    tslib "^1.11.1"

"@aws-crypto/supports-web-crypto@^2.0.0":
  version "2.0.0"
  resolved "https://registry.yarnpkg.com/@aws-crypto/supports-web-crypto/-/supports-web-crypto-2.0.0.tgz#fd6cde30b88f77d5a4f57b2c37c560d918014f9e"
  integrity sha512-Ge7WQ3E0OC7FHYprsZV3h0QIcpdyJLvIeg+uTuHqRYm8D6qCFJoiC+edSzSyFiHtZf+NOQDJ1q46qxjtzIY2nA==
  dependencies:
    tslib "^1.11.1"

"@aws-crypto/util@^2.0.0", "@aws-crypto/util@^2.0.1":
  version "2.0.1"
  resolved "https://registry.yarnpkg.com/@aws-crypto/util/-/util-2.0.1.tgz#976cf619cf85084ca85ec5eb947a6ac6b8b5c98c"
  integrity sha512-JJmFFwvbm08lULw4Nm5QOLg8+lAQeC8aCXK5xrtxntYzYXCGfHwUJ4Is3770Q7HmICsXthGQ+ZsDL7C2uH3yBQ==
  dependencies:
    "@aws-sdk/types" "^3.1.0"
    "@aws-sdk/util-utf8-browser" "^3.0.0"
    tslib "^1.11.1"

"@aws-sdk/abort-controller@3.110.0":
  version "3.110.0"
  resolved "https://registry.yarnpkg.com/@aws-sdk/abort-controller/-/abort-controller-3.110.0.tgz#15b493b776ec4f7236c6ad6134a6fe87e9dc5292"
  integrity sha512-zok/WEVuK7Jh6V9YeA56pNZtxUASon9LTkS7vE65A4UFmNkPGNBCNgoiBcbhWfxwrZ8wtXcQk6rtUut39831mA==
  dependencies:
    "@aws-sdk/types" "3.110.0"
    tslib "^2.3.1"

"@aws-sdk/client-dynamodb@^3.118.1":
  version "3.118.1"
  resolved "https://registry.yarnpkg.com/@aws-sdk/client-dynamodb/-/client-dynamodb-3.118.1.tgz#2969d00f9705a2b3d529b2d2aaab9ea1db066ccf"
  integrity sha512-3/0KcSVujZSpl9HXSl00YfaijT8CCBI353/TQxxoZSAMJdj1jjHHiZoSnnDLN3z+eAZwRYLbqAYqq+08L4vUig==
  dependencies:
    "@aws-crypto/sha256-browser" "2.0.0"
    "@aws-crypto/sha256-js" "2.0.0"
    "@aws-sdk/client-sts" "3.118.1"
    "@aws-sdk/config-resolver" "3.110.0"
    "@aws-sdk/credential-provider-node" "3.118.1"
    "@aws-sdk/fetch-http-handler" "3.110.0"
    "@aws-sdk/hash-node" "3.110.0"
    "@aws-sdk/invalid-dependency" "3.110.0"
    "@aws-sdk/middleware-content-length" "3.110.0"
    "@aws-sdk/middleware-endpoint-discovery" "3.110.0"
    "@aws-sdk/middleware-host-header" "3.110.0"
    "@aws-sdk/middleware-logger" "3.110.0"
    "@aws-sdk/middleware-recursion-detection" "3.110.0"
    "@aws-sdk/middleware-retry" "3.118.1"
    "@aws-sdk/middleware-serde" "3.110.0"
    "@aws-sdk/middleware-signing" "3.110.0"
    "@aws-sdk/middleware-stack" "3.110.0"
    "@aws-sdk/middleware-user-agent" "3.110.0"
    "@aws-sdk/node-config-provider" "3.110.0"
    "@aws-sdk/node-http-handler" "3.118.1"
    "@aws-sdk/protocol-http" "3.110.0"
    "@aws-sdk/smithy-client" "3.110.0"
    "@aws-sdk/types" "3.110.0"
    "@aws-sdk/url-parser" "3.110.0"
    "@aws-sdk/util-base64-browser" "3.109.0"
    "@aws-sdk/util-base64-node" "3.55.0"
    "@aws-sdk/util-body-length-browser" "3.55.0"
    "@aws-sdk/util-body-length-node" "3.55.0"
    "@aws-sdk/util-defaults-mode-browser" "3.110.0"
    "@aws-sdk/util-defaults-mode-node" "3.110.0"
    "@aws-sdk/util-user-agent-browser" "3.110.0"
    "@aws-sdk/util-user-agent-node" "3.118.0"
    "@aws-sdk/util-utf8-browser" "3.109.0"
    "@aws-sdk/util-utf8-node" "3.109.0"
    "@aws-sdk/util-waiter" "3.118.1"
    tslib "^2.3.1"
    uuid "^8.3.2"

"@aws-sdk/client-sso@3.118.1":
  version "3.118.1"
  resolved "https://registry.yarnpkg.com/@aws-sdk/client-sso/-/client-sso-3.118.1.tgz#5466f7f318330d9c516499bbb79be1a020bf59ef"
  integrity sha512-dvufBhoE+sVo2sB9+m39GaxmvCKskWLy2hqv+cqyh5poqSWlCZaliRJFpq/rwQm15lUfrHoD8b+NSNEUIVJf9w==
  dependencies:
    "@aws-crypto/sha256-browser" "2.0.0"
    "@aws-crypto/sha256-js" "2.0.0"
    "@aws-sdk/config-resolver" "3.110.0"
    "@aws-sdk/fetch-http-handler" "3.110.0"
    "@aws-sdk/hash-node" "3.110.0"
    "@aws-sdk/invalid-dependency" "3.110.0"
    "@aws-sdk/middleware-content-length" "3.110.0"
    "@aws-sdk/middleware-host-header" "3.110.0"
    "@aws-sdk/middleware-logger" "3.110.0"
    "@aws-sdk/middleware-recursion-detection" "3.110.0"
    "@aws-sdk/middleware-retry" "3.118.1"
    "@aws-sdk/middleware-serde" "3.110.0"
    "@aws-sdk/middleware-stack" "3.110.0"
    "@aws-sdk/middleware-user-agent" "3.110.0"
    "@aws-sdk/node-config-provider" "3.110.0"
    "@aws-sdk/node-http-handler" "3.118.1"
    "@aws-sdk/protocol-http" "3.110.0"
    "@aws-sdk/smithy-client" "3.110.0"
    "@aws-sdk/types" "3.110.0"
    "@aws-sdk/url-parser" "3.110.0"
    "@aws-sdk/util-base64-browser" "3.109.0"
    "@aws-sdk/util-base64-node" "3.55.0"
    "@aws-sdk/util-body-length-browser" "3.55.0"
    "@aws-sdk/util-body-length-node" "3.55.0"
    "@aws-sdk/util-defaults-mode-browser" "3.110.0"
    "@aws-sdk/util-defaults-mode-node" "3.110.0"
    "@aws-sdk/util-user-agent-browser" "3.110.0"
    "@aws-sdk/util-user-agent-node" "3.118.0"
    "@aws-sdk/util-utf8-browser" "3.109.0"
    "@aws-sdk/util-utf8-node" "3.109.0"
    tslib "^2.3.1"

"@aws-sdk/client-sts@3.118.1":
  version "3.118.1"
  resolved "https://registry.yarnpkg.com/@aws-sdk/client-sts/-/client-sts-3.118.1.tgz#1e8406ecc3ff250c93226c9e06d4233b66757de7"
  integrity sha512-i144bIUf+KmKJp00g08V/QPOh4v0xDIO7IX7m7ngkDlttIWGg9lXDcWhiRU+j0z72uv48D9em3nibJdFCjZjrA==
  dependencies:
    "@aws-crypto/sha256-browser" "2.0.0"
    "@aws-crypto/sha256-js" "2.0.0"
    "@aws-sdk/config-resolver" "3.110.0"
    "@aws-sdk/credential-provider-node" "3.118.1"
    "@aws-sdk/fetch-http-handler" "3.110.0"
    "@aws-sdk/hash-node" "3.110.0"
    "@aws-sdk/invalid-dependency" "3.110.0"
    "@aws-sdk/middleware-content-length" "3.110.0"
    "@aws-sdk/middleware-host-header" "3.110.0"
    "@aws-sdk/middleware-logger" "3.110.0"
    "@aws-sdk/middleware-recursion-detection" "3.110.0"
    "@aws-sdk/middleware-retry" "3.118.1"
    "@aws-sdk/middleware-sdk-sts" "3.110.0"
    "@aws-sdk/middleware-serde" "3.110.0"
    "@aws-sdk/middleware-signing" "3.110.0"
    "@aws-sdk/middleware-stack" "3.110.0"
    "@aws-sdk/middleware-user-agent" "3.110.0"
    "@aws-sdk/node-config-provider" "3.110.0"
    "@aws-sdk/node-http-handler" "3.118.1"
    "@aws-sdk/protocol-http" "3.110.0"
    "@aws-sdk/smithy-client" "3.110.0"
    "@aws-sdk/types" "3.110.0"
    "@aws-sdk/url-parser" "3.110.0"
    "@aws-sdk/util-base64-browser" "3.109.0"
    "@aws-sdk/util-base64-node" "3.55.0"
    "@aws-sdk/util-body-length-browser" "3.55.0"
    "@aws-sdk/util-body-length-node" "3.55.0"
    "@aws-sdk/util-defaults-mode-browser" "3.110.0"
    "@aws-sdk/util-defaults-mode-node" "3.110.0"
    "@aws-sdk/util-user-agent-browser" "3.110.0"
    "@aws-sdk/util-user-agent-node" "3.118.0"
    "@aws-sdk/util-utf8-browser" "3.109.0"
    "@aws-sdk/util-utf8-node" "3.109.0"
    entities "2.2.0"
    fast-xml-parser "3.19.0"
    tslib "^2.3.1"

"@aws-sdk/config-resolver@3.110.0":
  version "3.110.0"
  resolved "https://registry.yarnpkg.com/@aws-sdk/config-resolver/-/config-resolver-3.110.0.tgz#93de506934aa06dd973e5e3dab95b629697372f9"
  integrity sha512-7VvtKy4CL63BAktQ2vgsjhWDSXpkXO5YdiI56LQnHztrvSuJBBaxJ7R1p/k0b2tEUhYKUziAIW8EKE/7EGPR4g==
  dependencies:
    "@aws-sdk/signature-v4" "3.110.0"
    "@aws-sdk/types" "3.110.0"
    "@aws-sdk/util-config-provider" "3.109.0"
    "@aws-sdk/util-middleware" "3.110.0"
    tslib "^2.3.1"

"@aws-sdk/credential-provider-env@3.110.0":
  version "3.110.0"
  resolved "https://registry.yarnpkg.com/@aws-sdk/credential-provider-env/-/credential-provider-env-3.110.0.tgz#c95552fc0a3ae857ced0e171e53082cf3c84bc74"
  integrity sha512-oFU3IYk/Bl5tdsz1qigtm3I25a9cvXPqlE8VjYjxVDdLujF5zd/4HLbhP4GQWhpEwZmM1ijcSNfLcyywVevTZg==
  dependencies:
    "@aws-sdk/property-provider" "3.110.0"
    "@aws-sdk/types" "3.110.0"
    tslib "^2.3.1"

"@aws-sdk/credential-provider-imds@3.110.0":
  version "3.110.0"
  resolved "https://registry.yarnpkg.com/@aws-sdk/credential-provider-imds/-/credential-provider-imds-3.110.0.tgz#ba4f178ccab65c5760bce38e7f694584dad3fd74"
  integrity sha512-atl+7/dAB+8fG9XI2fYyCgXKYDbOzot65VAwis+14bOEUCVp7PCJifBEZ/L8GEq564p+Fa2p1IpV0wuQXxqFUQ==
  dependencies:
    "@aws-sdk/node-config-provider" "3.110.0"
    "@aws-sdk/property-provider" "3.110.0"
    "@aws-sdk/types" "3.110.0"
    "@aws-sdk/url-parser" "3.110.0"
    tslib "^2.3.1"

"@aws-sdk/credential-provider-ini@3.118.1":
  version "3.118.1"
  resolved "https://registry.yarnpkg.com/@aws-sdk/credential-provider-ini/-/credential-provider-ini-3.118.1.tgz#8aefc65656f76fe779faa007b170a059aa2aa579"
  integrity sha512-Ri05NMc0T2BT7O/6iS+tVwwPtF4Y+BbJrAwoeGApYI9gJqrRSSJ1I2oSye2UV/Ty49n3NmZGtQ+LZJjXShVFSw==
  dependencies:
    "@aws-sdk/credential-provider-env" "3.110.0"
    "@aws-sdk/credential-provider-imds" "3.110.0"
    "@aws-sdk/credential-provider-sso" "3.118.1"
    "@aws-sdk/credential-provider-web-identity" "3.110.0"
    "@aws-sdk/property-provider" "3.110.0"
    "@aws-sdk/shared-ini-file-loader" "3.110.0"
    "@aws-sdk/types" "3.110.0"
    tslib "^2.3.1"

"@aws-sdk/credential-provider-node@3.118.1":
  version "3.118.1"
  resolved "https://registry.yarnpkg.com/@aws-sdk/credential-provider-node/-/credential-provider-node-3.118.1.tgz#d27976190cd922fbf779fd02c2694a37871a96c9"
  integrity sha512-+DntbY0Foi5aIx1+6hNMUCSd2Oa109X6AJBdiUpwuRQu7+9wK0MBEzyi6Ap5QCa6/ThMQgq0PenR2Bwdl39fXw==
  dependencies:
    "@aws-sdk/credential-provider-env" "3.110.0"
    "@aws-sdk/credential-provider-imds" "3.110.0"
    "@aws-sdk/credential-provider-ini" "3.118.1"
    "@aws-sdk/credential-provider-process" "3.110.0"
    "@aws-sdk/credential-provider-sso" "3.118.1"
    "@aws-sdk/credential-provider-web-identity" "3.110.0"
    "@aws-sdk/property-provider" "3.110.0"
    "@aws-sdk/shared-ini-file-loader" "3.110.0"
    "@aws-sdk/types" "3.110.0"
    tslib "^2.3.1"

"@aws-sdk/credential-provider-process@3.110.0":
  version "3.110.0"
  resolved "https://registry.yarnpkg.com/@aws-sdk/credential-provider-process/-/credential-provider-process-3.110.0.tgz#1f4543edd532beb4b690e6f3aaf74d00af3be5c4"
  integrity sha512-JJcZePvRTfQHYj/+EEY13yItnZH/e8exlARFUjN0L13UrgHpOJtDQBa+YBHXo6MbTFQh+re25z2kzc+zOYSMNQ==
  dependencies:
    "@aws-sdk/property-provider" "3.110.0"
    "@aws-sdk/shared-ini-file-loader" "3.110.0"
    "@aws-sdk/types" "3.110.0"
    tslib "^2.3.1"

"@aws-sdk/credential-provider-sso@3.118.1":
  version "3.118.1"
  resolved "https://registry.yarnpkg.com/@aws-sdk/credential-provider-sso/-/credential-provider-sso-3.118.1.tgz#4499a2f9d159942ddf7553e7e9428a57ca87bc28"
  integrity sha512-oycFvPBcmfO2WAz5GfLrfGg+HbYA090gnNw5YknMtWewujXkgZ18AMhBsyRw/+mlHpbcFv/w1Gq0RgeTGSssRg==
  dependencies:
    "@aws-sdk/client-sso" "3.118.1"
    "@aws-sdk/property-provider" "3.110.0"
    "@aws-sdk/shared-ini-file-loader" "3.110.0"
    "@aws-sdk/types" "3.110.0"
    tslib "^2.3.1"

"@aws-sdk/credential-provider-web-identity@3.110.0":
  version "3.110.0"
  resolved "https://registry.yarnpkg.com/@aws-sdk/credential-provider-web-identity/-/credential-provider-web-identity-3.110.0.tgz#236e192826c3856e1f2b8eaa1ad126affd641082"
  integrity sha512-e4e5u7v3fsUFZsMcFMhMy1NdJBQpunYcLwpYlszm3OEICwTTekQ+hVvnVRd134doHvzepE4yp9sAop0Cj+IRVQ==
  dependencies:
    "@aws-sdk/property-provider" "3.110.0"
    "@aws-sdk/types" "3.110.0"
    tslib "^2.3.1"

"@aws-sdk/endpoint-cache@3.55.0":
  version "3.55.0"
  resolved "https://registry.yarnpkg.com/@aws-sdk/endpoint-cache/-/endpoint-cache-3.55.0.tgz#b4be2cb363af005a67c2a6f938f06fcbbbbbccf8"
  integrity sha512-kxDoHFDuQwZEEUZRp+ZLOg68EXuKPzUN86DcpIZantDVcmu7MSPTbbQp9DZd8MnKVEKCP7Sop5f7zCqOPl3LXw==
  dependencies:
    mnemonist "0.38.3"
    tslib "^2.3.1"

"@aws-sdk/fetch-http-handler@3.110.0":
  version "3.110.0"
  resolved "https://registry.yarnpkg.com/@aws-sdk/fetch-http-handler/-/fetch-http-handler-3.110.0.tgz#0b6d552659b779c49ba0f99c78a57755864bf1b0"
  integrity sha512-vk+K4GeCZL2J2rtvKO+T0Q7i3MDpEGZBMg5K2tj9sMcEQwty0BF0aFnP7Eu2l4/Zif2z1mWuUFM2WcZI6DVnbw==
  dependencies:
    "@aws-sdk/protocol-http" "3.110.0"
    "@aws-sdk/querystring-builder" "3.110.0"
    "@aws-sdk/types" "3.110.0"
    "@aws-sdk/util-base64-browser" "3.109.0"
    tslib "^2.3.1"

"@aws-sdk/hash-node@3.110.0":
  version "3.110.0"
  resolved "https://registry.yarnpkg.com/@aws-sdk/hash-node/-/hash-node-3.110.0.tgz#b225bfd16596b6485c1c610e8fef8de1e40931c4"
  integrity sha512-wakl+kP2O8wTGYiQ3InZy+CVfGrIpFfq9fo4zif9PZac0BbUbguUU1dkY34uZiaf+4o2/9MoDYrHU2HYeXKxWw==
  dependencies:
    "@aws-sdk/types" "3.110.0"
    "@aws-sdk/util-buffer-from" "3.55.0"
    tslib "^2.3.1"

"@aws-sdk/invalid-dependency@3.110.0":
  version "3.110.0"
  resolved "https://registry.yarnpkg.com/@aws-sdk/invalid-dependency/-/invalid-dependency-3.110.0.tgz#9104dfd40e35b6737dc7ab01f4e79c76c1109c44"
  integrity sha512-O8J1InmtJkoiUMbQDtxBfOzgigBp9iSVsNXQrhs2qHh3826cJOfE7NGT3u+NMw73Pk5j2cfmOh1+7k/76IqxOg==
  dependencies:
    "@aws-sdk/types" "3.110.0"
    tslib "^2.3.1"

"@aws-sdk/is-array-buffer@3.55.0":
  version "3.55.0"
  resolved "https://registry.yarnpkg.com/@aws-sdk/is-array-buffer/-/is-array-buffer-3.55.0.tgz#c46122c5636f01d5895e5256a587768c3425ea7a"
  integrity sha512-NbiPHVYuPxdqdFd6FxzzN3H1BQn/iWA3ri3Ry7AyLeP/tGs1yzEWMwf8BN8TSMALI0GXT6Sh0GDWy3Ok5xB6DA==
  dependencies:
    tslib "^2.3.1"

"@aws-sdk/middleware-content-length@3.110.0":
  version "3.110.0"
  resolved "https://registry.yarnpkg.com/@aws-sdk/middleware-content-length/-/middleware-content-length-3.110.0.tgz#f4dc3508952c5fae9740f172d3b76135dd4dba37"
  integrity sha512-hKU+zdqfAJQg22LXMVu/z35nNIHrVAKpVKPe9+WYVdL/Z7JKUPK7QymqKGOyDuDbzW6OxyulC1zKGEX12zGmdA==
  dependencies:
    "@aws-sdk/protocol-http" "3.110.0"
    "@aws-sdk/types" "3.110.0"
    tslib "^2.3.1"

"@aws-sdk/middleware-endpoint-discovery@3.110.0":
  version "3.110.0"
  resolved "https://registry.yarnpkg.com/@aws-sdk/middleware-endpoint-discovery/-/middleware-endpoint-discovery-3.110.0.tgz#3e9e18b4e191bb94e3068bd526fb766b02b4d777"
  integrity sha512-GUnNcuEBqD21E8EgevTcaBXJGnH5dp7eDSfWceYJP+iSscFXLzFFOf1I6H0cwvfARVMHVvlFz0tQcojCSHUZig==
  dependencies:
    "@aws-sdk/config-resolver" "3.110.0"
    "@aws-sdk/endpoint-cache" "3.55.0"
    "@aws-sdk/protocol-http" "3.110.0"
    "@aws-sdk/types" "3.110.0"
    tslib "^2.3.1"

"@aws-sdk/middleware-host-header@3.110.0":
  version "3.110.0"
  resolved "https://registry.yarnpkg.com/@aws-sdk/middleware-host-header/-/middleware-host-header-3.110.0.tgz#a28115e2797b86c2fb583000593b723a51313b92"
  integrity sha512-/Cknn1vL2LTlclI0MX2RzmtdPlCJ5palCRXxm/mod1oHwg4oNTKRlUX3LUD+L8g7JuJ4h053Ch9KS/A0vanE5Q==
  dependencies:
    "@aws-sdk/protocol-http" "3.110.0"
    "@aws-sdk/types" "3.110.0"
    tslib "^2.3.1"

"@aws-sdk/middleware-logger@3.110.0":
  version "3.110.0"
  resolved "https://registry.yarnpkg.com/@aws-sdk/middleware-logger/-/middleware-logger-3.110.0.tgz#69eb0b2d0d9833f6fdbe33eb1876254e7cee53ec"
  integrity sha512-+pz+a+8dfTnzLj79nHrv3aONMp/N36/erMd+7JXeR84QEosVLrFBUwKA8x5x6O3s1iBbQzRKMYEIuja9xn1BPA==
  dependencies:
    "@aws-sdk/types" "3.110.0"
    tslib "^2.3.1"

"@aws-sdk/middleware-recursion-detection@3.110.0":
  version "3.110.0"
  resolved "https://registry.yarnpkg.com/@aws-sdk/middleware-recursion-detection/-/middleware-recursion-detection-3.110.0.tgz#8daa2bc9f62cbf499d9c615726cf2a51f46e70ff"
  integrity sha512-Wav782zd7bcd1e6txRob76CDOdVOaUQ8HXoywiIm/uFrEEUZvhs2mgnXjVUVCMBUehdNgnL99z420aS13JeL/Q==
  dependencies:
    "@aws-sdk/protocol-http" "3.110.0"
    "@aws-sdk/types" "3.110.0"
    tslib "^2.3.1"

"@aws-sdk/middleware-retry@3.118.1":
  version "3.118.1"
  resolved "https://registry.yarnpkg.com/@aws-sdk/middleware-retry/-/middleware-retry-3.118.1.tgz#a43799a113c89e76ce676490ecad91af96699fbe"
  integrity sha512-Dh0EgO3yPHEaRC6CVrofgAMdUQaG0Kkl466iVFHN5n5kExQvCtvpMHwO9N7kqaq9lXten3yhzboRNLIo98E1Kw==
  dependencies:
    "@aws-sdk/protocol-http" "3.110.0"
    "@aws-sdk/service-error-classification" "3.110.0"
    "@aws-sdk/types" "3.110.0"
    "@aws-sdk/util-middleware" "3.110.0"
    tslib "^2.3.1"
    uuid "^8.3.2"

"@aws-sdk/middleware-sdk-sts@3.110.0":
  version "3.110.0"
  resolved "https://registry.yarnpkg.com/@aws-sdk/middleware-sdk-sts/-/middleware-sdk-sts-3.110.0.tgz#8c1e34b72355c5e63495927a01839f210327f0c1"
  integrity sha512-EjY/YFdlr5jECde6qIrTIyGBbn/34CKcQGKvmvRd31+3qaClIJLAwNuHfcVzWvCUGbAslsfvdbOpLju33pSQRA==
  dependencies:
    "@aws-sdk/middleware-signing" "3.110.0"
    "@aws-sdk/property-provider" "3.110.0"
    "@aws-sdk/protocol-http" "3.110.0"
    "@aws-sdk/signature-v4" "3.110.0"
    "@aws-sdk/types" "3.110.0"
    tslib "^2.3.1"

"@aws-sdk/middleware-serde@3.110.0":
  version "3.110.0"
  resolved "https://registry.yarnpkg.com/@aws-sdk/middleware-serde/-/middleware-serde-3.110.0.tgz#603dcc1f68d78e9123f9b696150374a8357de6c3"
  integrity sha512-brVupxgEAmcZ9cZvdHEH8zncjvGKIiud8pOe4fiimp5NpHmjBLew4jUbnOKNZNAjaidcKUtz//cxtutD6yXEww==
  dependencies:
    "@aws-sdk/types" "3.110.0"
    tslib "^2.3.1"

"@aws-sdk/middleware-signing@3.110.0":
  version "3.110.0"
  resolved "https://registry.yarnpkg.com/@aws-sdk/middleware-signing/-/middleware-signing-3.110.0.tgz#8faa6acdaedb1c29614fe7ba88a74534db38f3bb"
  integrity sha512-y6ZKrGYfgDlFMzWhZmoq5J1UctBgZOUvMmnU9sSeZ020IlEPiOxFMvR0Zu6TcYThp8uy3P0wyjQtGYeTl9Z/kA==
  dependencies:
    "@aws-sdk/property-provider" "3.110.0"
    "@aws-sdk/protocol-http" "3.110.0"
    "@aws-sdk/signature-v4" "3.110.0"
    "@aws-sdk/types" "3.110.0"
    tslib "^2.3.1"

"@aws-sdk/middleware-stack@3.110.0":
  version "3.110.0"
  resolved "https://registry.yarnpkg.com/@aws-sdk/middleware-stack/-/middleware-stack-3.110.0.tgz#5a531c83ec375adf9d7f1bd80b725cebf7b2f01d"
  integrity sha512-iaLHw6ctOuGa9UxNueU01Xes+15dR+mqioRpUOUZ9Zx+vhXVpD7C8lnNqhRnYeFXs10/rNIzASgsIrAHTlnlIQ==
  dependencies:
    tslib "^2.3.1"

"@aws-sdk/middleware-user-agent@3.110.0":
  version "3.110.0"
  resolved "https://registry.yarnpkg.com/@aws-sdk/middleware-user-agent/-/middleware-user-agent-3.110.0.tgz#52f32e99ecb641babcd59bb010527d5614e908f4"
  integrity sha512-Y6FgiZr99DilYq6AjeaaWcNwVlSQpNGKrILzvV4Tmz03OaBIspe4KL+8EZ2YA/sAu5Lpw80vItdezqDOwGAlnQ==
  dependencies:
    "@aws-sdk/protocol-http" "3.110.0"
    "@aws-sdk/types" "3.110.0"
    tslib "^2.3.1"

"@aws-sdk/node-config-provider@3.110.0":
  version "3.110.0"
  resolved "https://registry.yarnpkg.com/@aws-sdk/node-config-provider/-/node-config-provider-3.110.0.tgz#7d032082b85458ea4959f744d473e328be024359"
  integrity sha512-46p4dCPGYctuybTQTwLpjenA1QFHeyJw/OyggGbtUJUy+833+ldnAwcPVML2aXJKUKv3APGI8vq1kaloyNku3Q==
  dependencies:
    "@aws-sdk/property-provider" "3.110.0"
    "@aws-sdk/shared-ini-file-loader" "3.110.0"
    "@aws-sdk/types" "3.110.0"
    tslib "^2.3.1"

"@aws-sdk/node-http-handler@3.118.1":
  version "3.118.1"
  resolved "https://registry.yarnpkg.com/@aws-sdk/node-http-handler/-/node-http-handler-3.118.1.tgz#8f71c1b4dffae4cbec1151910c2d6fbf7b966706"
  integrity sha512-pfWVAUNJEs0UW0KkDqq2/VCz9PIpvg4mYEfCVZ4jR+Rv8F7UezNeM3FrEdHk8dfYShH+OV0hFskHBQJhw1BX2Q==
  dependencies:
    "@aws-sdk/abort-controller" "3.110.0"
    "@aws-sdk/protocol-http" "3.110.0"
    "@aws-sdk/querystring-builder" "3.110.0"
    "@aws-sdk/types" "3.110.0"
    tslib "^2.3.1"

"@aws-sdk/property-provider@3.110.0":
  version "3.110.0"
  resolved "https://registry.yarnpkg.com/@aws-sdk/property-provider/-/property-provider-3.110.0.tgz#ea60c33a8e243246fc21d478ff009063825b9abd"
  integrity sha512-7NkpmYeOkK3mhWBNU+/zSDqwzeaSPH1qrq4L//WV7WS/weYyE/jusQeZoOxVsuZQnQEXHt5O2hKVeUwShl12xA==
  dependencies:
    "@aws-sdk/types" "3.110.0"
    tslib "^2.3.1"

"@aws-sdk/protocol-http@3.110.0":
  version "3.110.0"
  resolved "https://registry.yarnpkg.com/@aws-sdk/protocol-http/-/protocol-http-3.110.0.tgz#ff3cffa5b1eb7c8564a9e9019a8842b429c7f85c"
  integrity sha512-qdi2gCbJiyPyLn+afebPNp/5nVCRh1X7t7IRIFl3FHVEC+o54u/ojay/MLZ4M/+X9Fa4Zxsb0Wpp3T0xAHVDBg==
  dependencies:
    "@aws-sdk/types" "3.110.0"
    tslib "^2.3.1"

"@aws-sdk/querystring-builder@3.110.0":
  version "3.110.0"
  resolved "https://registry.yarnpkg.com/@aws-sdk/querystring-builder/-/querystring-builder-3.110.0.tgz#c7f63262e898ab38cdbbbfcd03ddbfde346c9595"
  integrity sha512-7V3CDXj519izmbBn9ZE68ymASwGriA+Aq+cb/yHSVtffnvXjPtvONNw7G/5iVblisGLSCUe2hSvpYtcaXozbHw==
  dependencies:
    "@aws-sdk/types" "3.110.0"
    "@aws-sdk/util-uri-escape" "3.55.0"
    tslib "^2.3.1"

"@aws-sdk/querystring-parser@3.110.0":
  version "3.110.0"
  resolved "https://registry.yarnpkg.com/@aws-sdk/querystring-parser/-/querystring-parser-3.110.0.tgz#0551efb7aaa867d3b6705f62d798a45247f5f44b"
  integrity sha512-//pJHH7hrhdDMZGBPKXKymmC/tJM7gFT0w/qbu/yd3Wm4W2fMB+8gkmj6EZctx7jrsWlfRQuvFejKqEfapur/g==
  dependencies:
    "@aws-sdk/types" "3.110.0"
    tslib "^2.3.1"

"@aws-sdk/service-error-classification@3.110.0":
  version "3.110.0"
  resolved "https://registry.yarnpkg.com/@aws-sdk/service-error-classification/-/service-error-classification-3.110.0.tgz#09398517d4ad9787bd0d904816bfe0ffd68b1f5f"
  integrity sha512-ccgCE0pU/4RmXR6CP3fLAdhPAve7bK/yXBbGzpSHGAQOXqNxYzOsAvQ30Jg6X+qjLHsI/HR2pLIE65z4k6tynw==

"@aws-sdk/shared-ini-file-loader@3.110.0":
  version "3.110.0"
  resolved "https://registry.yarnpkg.com/@aws-sdk/shared-ini-file-loader/-/shared-ini-file-loader-3.110.0.tgz#f91b66e7084312df2b337cc990c9585e832fc2fc"
  integrity sha512-E1ERoqEoG206XNBYWCKLgHkzCbTxdpDEGbsLET2DnvjFsT0s9p2dPvVux3bYl7JVAhyGduE+qcqWk7MzhFCBNQ==
  dependencies:
    tslib "^2.3.1"

"@aws-sdk/signature-v4@3.110.0":
  version "3.110.0"
  resolved "https://registry.yarnpkg.com/@aws-sdk/signature-v4/-/signature-v4-3.110.0.tgz#9dba5d06345fa756b4c23deeec7086f6148a5bf1"
  integrity sha512-utxxdllOnmQDhbpipnFAbuQ4c2pwefZ+2hi48jKvQRULQ2PO4nxLmdZm6B0FXaTijbKsyO7GrMik+EZ6mi3ARQ==
  dependencies:
    "@aws-sdk/is-array-buffer" "3.55.0"
    "@aws-sdk/types" "3.110.0"
    "@aws-sdk/util-hex-encoding" "3.109.0"
    "@aws-sdk/util-middleware" "3.110.0"
    "@aws-sdk/util-uri-escape" "3.55.0"
    tslib "^2.3.1"

"@aws-sdk/smithy-client@3.110.0":
  version "3.110.0"
  resolved "https://registry.yarnpkg.com/@aws-sdk/smithy-client/-/smithy-client-3.110.0.tgz#397c0e7ef56ffa058469c641b586978400c09dd7"
  integrity sha512-gNLYrmdAe/1hVF2Nv2LF4OkL1A0a1o708pEMZHzql9xP164omRDaLrGDhz9tH7tsJEgLz+Bf4E8nTuISeDwvGg==
  dependencies:
    "@aws-sdk/middleware-stack" "3.110.0"
    "@aws-sdk/types" "3.110.0"
    tslib "^2.3.1"

"@aws-sdk/types@3.110.0", "@aws-sdk/types@^3.1.0":
  version "3.110.0"
  resolved "https://registry.yarnpkg.com/@aws-sdk/types/-/types-3.110.0.tgz#09404533b507925eadf9acf9c4356667048e45bd"
  integrity sha512-dLVoqODU3laaqNFPyN1QLtlQnwX4gNPMXptEBIt/iJpuZf66IYJe6WCzVZGt4Zfa1CnUmrlA428AzdcA/KCr2A==

"@aws-sdk/url-parser@3.110.0":
  version "3.110.0"
  resolved "https://registry.yarnpkg.com/@aws-sdk/url-parser/-/url-parser-3.110.0.tgz#87d5c0a6f6d2f29027c747c65d8a2846302bc792"
  integrity sha512-tILFB8/Q73yzgO0dErJNnELmmBszd0E6FucwAnG3hfDefjqCBe09Q/1yhu2aARXyRmZa4AKp0sWcdwIWHc8dnA==
  dependencies:
    "@aws-sdk/querystring-parser" "3.110.0"
    "@aws-sdk/types" "3.110.0"
    tslib "^2.3.1"

"@aws-sdk/util-base64-browser@3.109.0":
  version "3.109.0"
  resolved "https://registry.yarnpkg.com/@aws-sdk/util-base64-browser/-/util-base64-browser-3.109.0.tgz#e7faf5c4cbb88bc39b9c1c5a1a79e4c869e9f645"
  integrity sha512-lAZ6fyDGiRLaIsKT9qh7P9FGuNyZ4gAbr1YOSQk/5mHtaTuUvxlPptZuInNM/0MPQm6lpcot00D8IWTucn4PbA==
  dependencies:
    tslib "^2.3.1"

"@aws-sdk/util-base64-node@3.55.0":
  version "3.55.0"
  resolved "https://registry.yarnpkg.com/@aws-sdk/util-base64-node/-/util-base64-node-3.55.0.tgz#da9a3fd6752be49163572144793e6b23d0186ff4"
  integrity sha512-UQ/ZuNoAc8CFMpSiRYmevaTsuRKzLwulZTnM8LNlIt9Wx1tpNvqp80cfvVj7yySKROtEi20wq29h31dZf1eYNQ==
  dependencies:
    "@aws-sdk/util-buffer-from" "3.55.0"
    tslib "^2.3.1"

"@aws-sdk/util-body-length-browser@3.55.0":
  version "3.55.0"
  resolved "https://registry.yarnpkg.com/@aws-sdk/util-body-length-browser/-/util-body-length-browser-3.55.0.tgz#9c2637097501032f6a1afddb76687415fe9b44b6"
  integrity sha512-Ei2OCzXQw5N6ZkTMZbamUzc1z+z1R1Ja5tMEagz5BxuX4vWdBObT+uGlSzL8yvTbjoPjnxWA2aXyEqaUP3JS8Q==
  dependencies:
    tslib "^2.3.1"

"@aws-sdk/util-body-length-node@3.55.0":
  version "3.55.0"
  resolved "https://registry.yarnpkg.com/@aws-sdk/util-body-length-node/-/util-body-length-node-3.55.0.tgz#67049bbb6c62d794a1bb5a13b9a678988c925489"
  integrity sha512-lU1d4I+9wJwydduXs0SxSfd+mHKjxeyd39VwOv6i2KSwWkPbji9UQqpflKLKw+r45jL7+xU/zfeTUg5Tt/3Gew==
  dependencies:
    tslib "^2.3.1"

"@aws-sdk/util-buffer-from@3.55.0":
  version "3.55.0"
  resolved "https://registry.yarnpkg.com/@aws-sdk/util-buffer-from/-/util-buffer-from-3.55.0.tgz#e7c927974b07a29502aa1ad58509b91d0d7cf0f7"
  integrity sha512-uVzKG1UgvnV7XX2FPTylBujYMKBPBaq/qFBxfl0LVNfrty7YjpfieQxAe6yRLD+T0Kir/WDQwGvYC+tOYG3IGA==
  dependencies:
    "@aws-sdk/is-array-buffer" "3.55.0"
    tslib "^2.3.1"

"@aws-sdk/util-config-provider@3.109.0":
  version "3.109.0"
  resolved "https://registry.yarnpkg.com/@aws-sdk/util-config-provider/-/util-config-provider-3.109.0.tgz#7828b8894b2b23c289ffc5c106cbced7a5d6ee86"
  integrity sha512-GrAZl/aBv0A28LkyNyq8SPJ5fmViCwz80fWLMeWx/6q5AbivuILogjlWwEZSvZ9zrlHOcFC0+AnCa5pQrjaslw==
  dependencies:
    tslib "^2.3.1"

"@aws-sdk/util-defaults-mode-browser@3.110.0":
  version "3.110.0"
  resolved "https://registry.yarnpkg.com/@aws-sdk/util-defaults-mode-browser/-/util-defaults-mode-browser-3.110.0.tgz#b72331874da2c5e8a366cd98828a06fe19b52ae5"
  integrity sha512-Y2dcOOD20S3bv/IjUqpdKIiDt6995SXNG5Pu/LeSdXNyLCOIm9rX4gHTxl9fC1KK5M/gR9fGJ362f67WwqEEqw==
  dependencies:
    "@aws-sdk/property-provider" "3.110.0"
    "@aws-sdk/types" "3.110.0"
    bowser "^2.11.0"
    tslib "^2.3.1"

"@aws-sdk/util-defaults-mode-node@3.110.0":
  version "3.110.0"
  resolved "https://registry.yarnpkg.com/@aws-sdk/util-defaults-mode-node/-/util-defaults-mode-node-3.110.0.tgz#52b4c84fc7aa06838ea6bb29d216a2d7615b9036"
  integrity sha512-Cr3Z5nyrw1KowjbW76xp8hkT/zJtYjAVZ9PS4l84KxIicbVvDOBpxG3yNddkuQcavmlH6G4wH9uM5DcnpKDncg==
  dependencies:
    "@aws-sdk/config-resolver" "3.110.0"
    "@aws-sdk/credential-provider-imds" "3.110.0"
    "@aws-sdk/node-config-provider" "3.110.0"
    "@aws-sdk/property-provider" "3.110.0"
    "@aws-sdk/types" "3.110.0"
    tslib "^2.3.1"

"@aws-sdk/util-hex-encoding@3.109.0":
  version "3.109.0"
  resolved "https://registry.yarnpkg.com/@aws-sdk/util-hex-encoding/-/util-hex-encoding-3.109.0.tgz#93b20acc27c0a1d7d80f653bf19d3dd01c2ccc65"
  integrity sha512-s8CgTNrn3cLkrdiohfxLuOYPCanzvHn/aH5RW6DaMoeQiG5Hl9QUiP/WtdQ9QQx3xvpQFpmvxIaSBwSgFNLQxA==
  dependencies:
    tslib "^2.3.1"

"@aws-sdk/util-locate-window@^3.0.0":
  version "3.55.0"
  resolved "https://registry.yarnpkg.com/@aws-sdk/util-locate-window/-/util-locate-window-3.55.0.tgz#a4136a20ee1bfcb73967a6614caf769ef79db070"
  integrity sha512-0sPmK2JaJE2BbTcnvybzob/VrFKCXKfN4CUKcvn0yGg/me7Bz+vtzQRB3Xp+YSx+7OtWxzv63wsvHoAnXvgxgg==
  dependencies:
    tslib "^2.3.1"

"@aws-sdk/util-middleware@3.110.0":
  version "3.110.0"
  resolved "https://registry.yarnpkg.com/@aws-sdk/util-middleware/-/util-middleware-3.110.0.tgz#00a727273974f54424954235867c1ddb0f6dad56"
  integrity sha512-PTVWrI5fA9d5hHJs6RzX2dIS2jRQ3uW073Fm0BePpQeDdZrEk+S5KNwRhUtpN6sdSV45vm6S9rrjZUG51qwGmA==
  dependencies:
    tslib "^2.3.1"

"@aws-sdk/util-uri-escape@3.55.0":
  version "3.55.0"
  resolved "https://registry.yarnpkg.com/@aws-sdk/util-uri-escape/-/util-uri-escape-3.55.0.tgz#ee57743c628a1c9f942dfe73205ce890ec011916"
  integrity sha512-mmdDLUpFCN2nkfwlLdOM54lTD528GiGSPN1qb8XtGLgZsJUmg3uJSFIN2lPeSbEwJB3NFjVas/rnQC48i7mV8w==
  dependencies:
    tslib "^2.3.1"

"@aws-sdk/util-user-agent-browser@3.110.0":
  version "3.110.0"
  resolved "https://registry.yarnpkg.com/@aws-sdk/util-user-agent-browser/-/util-user-agent-browser-3.110.0.tgz#e0643e6047aab5137540259a42fbfdc37ae4abee"
  integrity sha512-rNdhmHDMV5dNJctqlBWimkZLJRB+x03DB+61pm+SKSFk6gPIVIvc1WNXqDFphkiswT4vA13ZUkGHzt+N4+noQQ==
  dependencies:
    "@aws-sdk/types" "3.110.0"
    bowser "^2.11.0"
    tslib "^2.3.1"

"@aws-sdk/util-user-agent-node@3.118.0":
  version "3.118.0"
  resolved "https://registry.yarnpkg.com/@aws-sdk/util-user-agent-node/-/util-user-agent-node-3.118.0.tgz#5cb8d822ebe46b92101ff547ea373658d18ceb7b"
  integrity sha512-7j21HNumxMkeUpgoMX8o3y66k+qMSEkCPCMGnoiiMtgfWX9SY0S/fLwR1nDBw8HI3NthRXfgWdAXUu8K3Kjp6g==
  dependencies:
    "@aws-sdk/node-config-provider" "3.110.0"
    "@aws-sdk/types" "3.110.0"
    tslib "^2.3.1"

"@aws-sdk/util-utf8-browser@3.109.0", "@aws-sdk/util-utf8-browser@^3.0.0":
  version "3.109.0"
  resolved "https://registry.yarnpkg.com/@aws-sdk/util-utf8-browser/-/util-utf8-browser-3.109.0.tgz#d013272e1981b23a4c84ac06f154db686c0cf84e"
  integrity sha512-FmcGSz0v7Bqpl1SE8G1Gc0CtDpug+rvqNCG/szn86JApD/f5x8oByjbEiAyTU2ZH2VevUntx6EW68ulHyH+x+w==
  dependencies:
    tslib "^2.3.1"

"@aws-sdk/util-utf8-node@3.109.0":
  version "3.109.0"
  resolved "https://registry.yarnpkg.com/@aws-sdk/util-utf8-node/-/util-utf8-node-3.109.0.tgz#89e06d916f5b246c7265f59bac742973ac0767ac"
  integrity sha512-Ti/ZBdvz2eSTElsucjzNmzpyg2MwfD1rXmxD0hZuIF8bPON/0+sZYnWd5CbDw9kgmhy28dmKue086tbZ1G0iLQ==
  dependencies:
    "@aws-sdk/util-buffer-from" "3.55.0"
    tslib "^2.3.1"

"@aws-sdk/util-waiter@3.118.1":
  version "3.118.1"
  resolved "https://registry.yarnpkg.com/@aws-sdk/util-waiter/-/util-waiter-3.118.1.tgz#eab970728e14cb31a6705e4daa4863751594bd53"
  integrity sha512-mCPTpoNHXdBcGEk/8r90ppCB/DHUis+dZPDBDfCENRqcAYq9TDlTl9VB7jhgRkVUhM0HZGNAbUOaI+212jjPiQ==
  dependencies:
    "@aws-sdk/abort-controller" "3.110.0"
    "@aws-sdk/types" "3.110.0"
    tslib "^2.3.1"

"@types/aws-lambda@^8.10.101":
  version "8.10.101"
  resolved "https://registry.yarnpkg.com/@types/aws-lambda/-/aws-lambda-8.10.101.tgz#35d85783a834e04604d49e85dc7ee6e2820e8939"
  integrity sha512-84geGyVc0H9P9aGbcg/vkDh5akJq0bEf3tizHNR2d1gcm0wsp9IZ/SW6rPxvgjJFi3OeVxDc8WTKCAjoZbogzg==

"@types/node@^18.0.0":
  version "18.0.0"
  resolved "https://registry.yarnpkg.com/@types/node/-/node-18.0.0.tgz#67c7b724e1bcdd7a8821ce0d5ee184d3b4dd525a"
  integrity sha512-cHlGmko4gWLVI27cGJntjs/Sj8th9aYwplmZFwmmgYQQvL5NUsgVJG7OddLvNfLqYS31KFN0s3qlaD9qCaxACA==

bowser@^2.11.0:
  version "2.11.0"
  resolved "https://registry.yarnpkg.com/bowser/-/bowser-2.11.0.tgz#5ca3c35757a7aa5771500c70a73a9f91ef420a8f"
  integrity sha512-AlcaJBi/pqqJBIQ8U9Mcpc9i8Aqxn88Skv5d+xBX006BY5u8N3mGLHa5Lgppa7L/HfwgwLgZ6NYs+Ag6uUmJRA==

entities@2.2.0:
  version "2.2.0"
  resolved "https://registry.yarnpkg.com/entities/-/entities-2.2.0.tgz#098dc90ebb83d8dffa089d55256b351d34c4da55"
  integrity sha512-p92if5Nz619I0w+akJrLZH0MX0Pb5DX39XOwQTtXSdQQOaYH03S1uIQp4mhOZtAXrxq4ViO67YTiLBo2638o9A==

esbuild-android-64@0.14.47:
  version "0.14.47"
  resolved "https://registry.yarnpkg.com/esbuild-android-64/-/esbuild-android-64-0.14.47.tgz#ef95b42c67bcf4268c869153fa3ad1466c4cea6b"
  integrity sha512-R13Bd9+tqLVFndncMHssZrPWe6/0Kpv2/dt4aA69soX4PRxlzsVpCvoJeFE8sOEoeVEiBkI0myjlkDodXlHa0g==

esbuild-android-arm64@0.14.47:
  version "0.14.47"
  resolved "https://registry.yarnpkg.com/esbuild-android-arm64/-/esbuild-android-arm64-0.14.47.tgz#4ebd7ce9fb250b4695faa3ee46fd3b0754ecd9e6"
  integrity sha512-OkwOjj7ts4lBp/TL6hdd8HftIzOy/pdtbrNA4+0oVWgGG64HrdVzAF5gxtJufAPOsEjkyh1oIYvKAUinKKQRSQ==

esbuild-darwin-64@0.14.47:
  version "0.14.47"
  resolved "https://registry.yarnpkg.com/esbuild-darwin-64/-/esbuild-darwin-64-0.14.47.tgz#e0da6c244f497192f951807f003f6a423ed23188"
  integrity sha512-R6oaW0y5/u6Eccti/TS6c/2c1xYTb1izwK3gajJwi4vIfNs1s8B1dQzI1UiC9T61YovOQVuePDcfqHLT3mUZJA==

esbuild-darwin-arm64@0.14.47:
  version "0.14.47"
  resolved "https://registry.yarnpkg.com/esbuild-darwin-arm64/-/esbuild-darwin-arm64-0.14.47.tgz#cd40fd49a672fca581ed202834239dfe540a9028"
  integrity sha512-seCmearlQyvdvM/noz1L9+qblC5vcBrhUaOoLEDDoLInF/VQ9IkobGiLlyTPYP5dW1YD4LXhtBgOyevoIHGGnw==

esbuild-freebsd-64@0.14.47:
  version "0.14.47"
  resolved "https://registry.yarnpkg.com/esbuild-freebsd-64/-/esbuild-freebsd-64-0.14.47.tgz#8da6a14c095b29c01fc8087a16cb7906debc2d67"
  integrity sha512-ZH8K2Q8/Ux5kXXvQMDsJcxvkIwut69KVrYQhza/ptkW50DC089bCVrJZZ3sKzIoOx+YPTrmsZvqeZERjyYrlvQ==

esbuild-freebsd-arm64@0.14.47:
  version "0.14.47"
  resolved "https://registry.yarnpkg.com/esbuild-freebsd-arm64/-/esbuild-freebsd-arm64-0.14.47.tgz#ad31f9c92817ff8f33fd253af7ab5122dc1b83f6"
  integrity sha512-ZJMQAJQsIOhn3XTm7MPQfCzEu5b9STNC+s90zMWe2afy9EwnHV7Ov7ohEMv2lyWlc2pjqLW8QJnz2r0KZmeAEQ==

esbuild-linux-32@0.14.47:
  version "0.14.47"
  resolved "https://registry.yarnpkg.com/esbuild-linux-32/-/esbuild-linux-32-0.14.47.tgz#de085e4db2e692ea30c71208ccc23fdcf5196c58"
  integrity sha512-FxZOCKoEDPRYvq300lsWCTv1kcHgiiZfNrPtEhFAiqD7QZaXrad8LxyJ8fXGcWzIFzRiYZVtB3ttvITBvAFhKw==

esbuild-linux-64@0.14.47:
  version "0.14.47"
  resolved "https://registry.yarnpkg.com/esbuild-linux-64/-/esbuild-linux-64-0.14.47.tgz#2a9321bbccb01f01b04cebfcfccbabeba3658ba1"
  integrity sha512-nFNOk9vWVfvWYF9YNYksZptgQAdstnDCMtR6m42l5Wfugbzu11VpMCY9XrD4yFxvPo9zmzcoUL/88y0lfJZJJw==

esbuild-linux-arm64@0.14.47:
  version "0.14.47"
  resolved "https://registry.yarnpkg.com/esbuild-linux-arm64/-/esbuild-linux-arm64-0.14.47.tgz#b9da7b6fc4b0ca7a13363a0c5b7bb927e4bc535a"
  integrity sha512-ywfme6HVrhWcevzmsufjd4iT3PxTfCX9HOdxA7Hd+/ZM23Y9nXeb+vG6AyA6jgq/JovkcqRHcL9XwRNpWG6XRw==

esbuild-linux-arm@0.14.47:
  version "0.14.47"
  resolved "https://registry.yarnpkg.com/esbuild-linux-arm/-/esbuild-linux-arm-0.14.47.tgz#56fec2a09b9561c337059d4af53625142aded853"
  integrity sha512-ZGE1Bqg/gPRXrBpgpvH81tQHpiaGxa8c9Rx/XOylkIl2ypLuOcawXEAo8ls+5DFCcRGt/o3sV+PzpAFZobOsmA==

esbuild-linux-mips64le@0.14.47:
  version "0.14.47"
  resolved "https://registry.yarnpkg.com/esbuild-linux-mips64le/-/esbuild-linux-mips64le-0.14.47.tgz#9db21561f8f22ed79ef2aedb7bbef082b46cf823"
  integrity sha512-mg3D8YndZ1LvUiEdDYR3OsmeyAew4MA/dvaEJxvyygahWmpv1SlEEnhEZlhPokjsUMfRagzsEF/d/2XF+kTQGg==

esbuild-linux-ppc64le@0.14.47:
  version "0.14.47"
  resolved "https://registry.yarnpkg.com/esbuild-linux-ppc64le/-/esbuild-linux-ppc64le-0.14.47.tgz#dc3a3da321222b11e96e50efafec9d2de408198b"
  integrity sha512-WER+f3+szmnZiWoK6AsrTKGoJoErG2LlauSmk73LEZFQ/iWC+KhhDsOkn1xBUpzXWsxN9THmQFltLoaFEH8F8w==

esbuild-linux-riscv64@0.14.47:
  version "0.14.47"
  resolved "https://registry.yarnpkg.com/esbuild-linux-riscv64/-/esbuild-linux-riscv64-0.14.47.tgz#9bd6dcd3dca6c0357084ecd06e1d2d4bf105335f"
  integrity sha512-1fI6bP3A3rvI9BsaaXbMoaOjLE3lVkJtLxsgLHqlBhLlBVY7UqffWBvkrX/9zfPhhVMd9ZRFiaqXnB1T7BsL2g==

esbuild-linux-s390x@0.14.47:
  version "0.14.47"
  resolved "https://registry.yarnpkg.com/esbuild-linux-s390x/-/esbuild-linux-s390x-0.14.47.tgz#a458af939b52f2cd32fc561410d441a51f69d41f"
  integrity sha512-eZrWzy0xFAhki1CWRGnhsHVz7IlSKX6yT2tj2Eg8lhAwlRE5E96Hsb0M1mPSE1dHGpt1QVwwVivXIAacF/G6mw==

esbuild-netbsd-64@0.14.47:
  version "0.14.47"
  resolved "https://registry.yarnpkg.com/esbuild-netbsd-64/-/esbuild-netbsd-64-0.14.47.tgz#6388e785d7e7e4420cb01348d7483ab511b16aa8"
  integrity sha512-Qjdjr+KQQVH5Q2Q1r6HBYswFTToPpss3gqCiSw2Fpq/ua8+eXSQyAMG+UvULPqXceOwpnPo4smyZyHdlkcPppQ==

esbuild-openbsd-64@0.14.47:
  version "0.14.47"
  resolved "https://registry.yarnpkg.com/esbuild-openbsd-64/-/esbuild-openbsd-64-0.14.47.tgz#309af806db561aa886c445344d1aacab850dbdc5"
  integrity sha512-QpgN8ofL7B9z8g5zZqJE+eFvD1LehRlxr25PBkjyyasakm4599iroUpaj96rdqRlO2ShuyqwJdr+oNqWwTUmQw==

esbuild-sunos-64@0.14.47:
  version "0.14.47"
  resolved "https://registry.yarnpkg.com/esbuild-sunos-64/-/esbuild-sunos-64-0.14.47.tgz#3f19612dcdb89ba6c65283a7ff6e16f8afbf8aaa"
  integrity sha512-uOeSgLUwukLioAJOiGYm3kNl+1wJjgJA8R671GYgcPgCx7QR73zfvYqXFFcIO93/nBdIbt5hd8RItqbbf3HtAQ==

esbuild-windows-32@0.14.47:
  version "0.14.47"
  resolved "https://registry.yarnpkg.com/esbuild-windows-32/-/esbuild-windows-32-0.14.47.tgz#a92d279c8458d5dc319abcfeb30aa49e8f2e6f7f"
  integrity sha512-H0fWsLTp2WBfKLBgwYT4OTfFly4Im/8B5f3ojDv1Kx//kiubVY0IQunP2Koc/fr/0wI7hj3IiBDbSrmKlrNgLQ==

esbuild-windows-64@0.14.47:
  version "0.14.47"
  resolved "https://registry.yarnpkg.com/esbuild-windows-64/-/esbuild-windows-64-0.14.47.tgz#2564c3fcf0c23d701edb71af8c52d3be4cec5f8a"
  integrity sha512-/Pk5jIEH34T68r8PweKRi77W49KwanZ8X6lr3vDAtOlH5EumPE4pBHqkCUdELanvsT14yMXLQ/C/8XPi1pAtkQ==

esbuild-windows-arm64@0.14.47:
  version "0.14.47"
  resolved "https://registry.yarnpkg.com/esbuild-windows-arm64/-/esbuild-windows-arm64-0.14.47.tgz#86d9db1a22d83360f726ac5fba41c2f625db6878"
  integrity sha512-HFSW2lnp62fl86/qPQlqw6asIwCnEsEoNIL1h2uVMgakddf+vUuMcCbtUY1i8sst7KkgHrVKCJQB33YhhOweCQ==

esbuild@^0.14.47:
  version "0.14.47"
  resolved "https://registry.yarnpkg.com/esbuild/-/esbuild-0.14.47.tgz#0d6415f6bd8eb9e73a58f7f9ae04c5276cda0e4d"
  integrity sha512-wI4ZiIfFxpkuxB8ju4MHrGwGLyp1+awEHAHVpx6w7a+1pmYIq8T9FGEVVwFo0iFierDoMj++Xq69GXWYn2EiwA==
  optionalDependencies:
    esbuild-android-64 "0.14.47"
    esbuild-android-arm64 "0.14.47"
    esbuild-darwin-64 "0.14.47"
    esbuild-darwin-arm64 "0.14.47"
    esbuild-freebsd-64 "0.14.47"
    esbuild-freebsd-arm64 "0.14.47"
    esbuild-linux-32 "0.14.47"
    esbuild-linux-64 "0.14.47"
    esbuild-linux-arm "0.14.47"
    esbuild-linux-arm64 "0.14.47"
    esbuild-linux-mips64le "0.14.47"
    esbuild-linux-ppc64le "0.14.47"
    esbuild-linux-riscv64 "0.14.47"
    esbuild-linux-s390x "0.14.47"
    esbuild-netbsd-64 "0.14.47"
    esbuild-openbsd-64 "0.14.47"
    esbuild-sunos-64 "0.14.47"
    esbuild-windows-32 "0.14.47"
    esbuild-windows-64 "0.14.47"
    esbuild-windows-arm64 "0.14.47"

fast-xml-parser@3.19.0:
  version "3.19.0"
  resolved "https://registry.yarnpkg.com/fast-xml-parser/-/fast-xml-parser-3.19.0.tgz#cb637ec3f3999f51406dd8ff0e6fc4d83e520d01"
  integrity sha512-4pXwmBplsCPv8FOY1WRakF970TjNGnGnfbOnLqjlYvMiF1SR3yOHyxMR/YCXpPTOspNF5gwudqktIP4VsWkvBg==

mnemonist@0.38.3:
  version "0.38.3"
  resolved "https://registry.yarnpkg.com/mnemonist/-/mnemonist-0.38.3.tgz#35ec79c1c1f4357cfda2fe264659c2775ccd7d9d"
  integrity sha512-2K9QYubXx/NAjv4VLq1d1Ly8pWNC5L3BrixtdkyTegXWJIqY+zLNDhhX/A+ZwWt70tB1S8H4BE8FLYEFyNoOBw==
  dependencies:
    obliterator "^1.6.1"

obliterator@^1.6.1:
  version "1.6.1"
  resolved "https://registry.yarnpkg.com/obliterator/-/obliterator-1.6.1.tgz#dea03e8ab821f6c4d96a299e17aef6a3af994ef3"
  integrity sha512-9WXswnqINnnhOG/5SLimUlzuU1hFJUc8zkwyD59Sd+dPOMf05PmnYG/d6Q7HZ+KmgkZJa1PxRso6QdM3sTNHig==

tslib@^1.11.1:
  version "1.14.1"
  resolved "https://registry.yarnpkg.com/tslib/-/tslib-1.14.1.tgz#cf2d38bdc34a134bcaf1091c41f6619e2f672d00"
  integrity sha512-Xni35NKzjgMrwevysHTCArtLDpPvye8zV/0E4EyYn43P7/7qvQwPh9BGkHewbMulVntbigmcT7rdX3BNo9wRJg==

tslib@^2.3.1:
  version "2.4.0"
  resolved "https://registry.yarnpkg.com/tslib/-/tslib-2.4.0.tgz#7cecaa7f073ce680a05847aa77be941098f36dc3"
  integrity sha512-d6xOpEDfsi2CZVlPQzGeux8XMwLT9hssAsaPYExaQMuYskwb+x1x7J371tWlbBdWHroy99KnVB6qIkUbs5X3UQ==

uuid@^8.3.2:
  version "8.3.2"
  resolved "https://registry.yarnpkg.com/uuid/-/uuid-8.3.2.tgz#80d5b5ced271bb9af6c445f21a1a04c606cefbe2"
  integrity sha512-+NYs2QeMWy+GWFOEm9xnn6HCDp0l7QBD7ml8zLUmJ+93Q5NF0NocErnwkTkXVFNiX3/fpC6afS8Dhb/gz7R7eg==
